{
  "name": "wschat",
  "version": "1.0.0",
  "lockfileVersion": 1,
  "requires": true,
  "dependencies": {
    "accepts": {
      "version": "http://registry.npm.taobao.org/accepts/download/accepts-1.3.5.tgz",
      "integrity": "sha1-63d99gEXI6OxTopywIBcjoZ0a9I=",
      "requires": {
        "mime-types": "http://registry.npm.taobao.org/mime-types/download/mime-types-2.1.18.tgz",
        "negotiator": "http://registry.npm.taobao.org/negotiator/download/negotiator-0.6.1.tgz"
      }
    },
    "backo2": {
      "version": "http://registry.npm.taobao.org/backo2/download/backo2-1.0.2.tgz",
      "integrity": "sha1-MasayLEpNjRj41s+u2n038+6eUc="
    },
    "base64-arraybuffer": {
      "version": "http://registry.npm.taobao.org/base64-arraybuffer/download/base64-arraybuffer-0.1.5.tgz",
      "integrity": "sha1-c5JncZI7Whl0etZmqlzUv5xunOg="
    },
    "base64id": {
      "version": "http://registry.npm.taobao.org/base64id/download/base64id-1.0.0.tgz",
      "integrity": "sha1-R2iMuZu2gE8OBtPnY7HDLlfY5rY="
    },
    "bignumber.js": {
      "version": "4.0.4",
      "resolved": "https://registry.npmjs.org/bignumber.js/-/bignumber.js-4.0.4.tgz",
      "integrity": "sha512-LDXpJKVzEx2/OqNbG9mXBNvHuiRL4PzHCGfnANHMJ+fv68Ads3exDVJeGDJws+AoNEuca93bU3q+S0woeUaCdg=="
    },
    "callsite": {
      "version": "http://registry.npm.taobao.org/callsite/download/callsite-1.0.0.tgz",
      "integrity": "sha1-KAOY5dZkvXQDi28JBRU+borxvCA="
    },
    "component-bind": {
      "version": "http://registry.npm.taobao.org/component-bind/download/component-bind-1.0.0.tgz",
      "integrity": "sha1-AMYIq33Nk4l8AAllGx06jh5zu9E="
    },
    "component-emitter": {
      "version": "http://registry.npm.taobao.org/component-emitter/download/component-emitter-1.2.1.tgz",
      "integrity": "sha1-E3kY1teCg/ffemt8WmPhQOaUJeY="
    },
    "component-inherit": {
      "version": "http://registry.npm.taobao.org/component-inherit/download/component-inherit-0.0.3.tgz",
      "integrity": "sha1-ZF/ErfWLcrZJ1crmUTVhnbJv8UM="
    },
    "cookie": {
      "version": "http://registry.npm.taobao.org/cookie/download/cookie-0.3.1.tgz",
      "integrity": "sha1-5+Ch+e9DtMi6klxcWpboBtFoc7s="
    },
    "core-util-is": {
      "version": "1.0.2",
      "resolved": "https://registry.npmjs.org/core-util-is/-/core-util-is-1.0.2.tgz",
      "integrity": "sha1-tf1UIgqivFq1eqtxQMlAdUUDwac="
    },
    "debug": {
      "version": "http://registry.npm.taobao.org/debug/download/debug-3.1.0.tgz",
      "integrity": "sha1-W7WgZyYotkFJVmuhaBnmFRjGcmE=",
      "requires": {
        "ms": "http://registry.npm.taobao.org/ms/download/ms-2.0.0.tgz"
      },
      "dependencies": {
        "ms": {
          "version": "http://registry.npm.taobao.org/ms/download/ms-2.0.0.tgz",
          "integrity": "sha1-VgiurfwAvmwpAd9fmGF4jeDVl8g="
        }
      }
    },
    "engine.io": {
      "version": "http://registry.npm.taobao.org/engine.io/download/engine.io-3.2.0.tgz",
      "integrity": "sha1-VDMlBvQvLtxxaQ0vKkI0k1nzv30=",
      "requires": {
        "accepts": "http://registry.npm.taobao.org/accepts/download/accepts-1.3.5.tgz",
        "base64id": "http://registry.npm.taobao.org/base64id/download/base64id-1.0.0.tgz",
        "cookie": "http://registry.npm.taobao.org/cookie/download/cookie-0.3.1.tgz",
        "debug": "http://registry.npm.taobao.org/debug/download/debug-3.1.0.tgz",
        "engine.io-parser": "http://registry.npm.taobao.org/engine.io-parser/download/engine.io-parser-2.1.2.tgz",
        "ws": "http://registry.npm.taobao.org/ws/download/ws-3.3.3.tgz"
      }
    },
    "engine.io-client": {
      "version": "http://registry.npm.taobao.org/engine.io-client/download/engine.io-client-3.2.1.tgz",
      "integrity": "sha1-b1TAR13khxWKGnx30QF4cItq3TY=",
      "requires": {
        "component-emitter": "http://registry.npm.taobao.org/component-emitter/download/component-emitter-1.2.1.tgz",
        "component-inherit": "http://registry.npm.taobao.org/component-inherit/download/component-inherit-0.0.3.tgz",
        "debug": "http://registry.npm.taobao.org/debug/download/debug-3.1.0.tgz",
        "engine.io-parser": "http://registry.npm.taobao.org/engine.io-parser/download/engine.io-parser-2.1.2.tgz",
        "has-cors": "http://registry.npm.taobao.org/has-cors/download/has-cors-1.1.0.tgz",
        "indexof": "http://registry.npm.taobao.org/indexof/download/indexof-0.0.1.tgz",
        "parseqs": "http://registry.npm.taobao.org/parseqs/download/parseqs-0.0.5.tgz",
        "parseuri": "http://registry.npm.taobao.org/parseuri/download/parseuri-0.0.5.tgz",
        "ws": "http://registry.npm.taobao.org/ws/download/ws-3.3.3.tgz",
        "xmlhttprequest-ssl": "http://registry.npm.taobao.org/xmlhttprequest-ssl/download/xmlhttprequest-ssl-1.5.5.tgz",
        "yeast": "http://registry.npm.taobao.org/yeast/download/yeast-0.1.2.tgz"
      }
    },
    "engine.io-parser": {
      "version": "http://registry.npm.taobao.org/engine.io-parser/download/engine.io-parser-2.1.2.tgz",
      "integrity": "sha1-TA9M/3mq7su9z96maoI8YIVAkZY=",
      "requires": {
        "after": "0.8.2",
        "arraybuffer.slice": "0.0.7",
        "base64-arraybuffer": "0.1.5",
        "blob": "0.0.4",
        "has-binary2": "1.0.3"
      },
      "dependencies": {
        "after": {
          "version": "0.8.2",
          "resolved": "https://registry.npmjs.org/after/-/after-0.8.2.tgz",
          "integrity": "sha1-/ts5T58OAqqXaOcCvaI7UF+ufh8="
        },
        "arraybuffer.slice": {
          "version": "0.0.7",
          "resolved": "https://registry.npmjs.org/arraybuffer.slice/-/arraybuffer.slice-0.0.7.tgz",
          "integrity": "sha512-wGUIVQXuehL5TCqQun8OW81jGzAWycqzFF8lFp+GOM5BXLYj3bKNsYC4daB7n6XjCqxQA/qgTJ+8ANR3acjrog=="
        },
        "base64-arraybuffer": {
          "version": "0.1.5",
          "resolved": "https://registry.npmjs.org/base64-arraybuffer/-/base64-arraybuffer-0.1.5.tgz",
          "integrity": "sha1-c5JncZI7Whl0etZmqlzUv5xunOg="
        },
        "blob": {
          "version": "0.0.4",
          "resolved": "https://registry.npmjs.org/blob/-/blob-0.0.4.tgz",
          "integrity": "sha1-vPEwUspURj8w+fx+lbmkdjCpSSE="
        },
        "has-binary2": {
          "version": "1.0.3",
          "resolved": "https://registry.npmjs.org/has-binary2/-/has-binary2-1.0.3.tgz",
          "integrity": "sha512-G1LWKhDSvhGeAQ8mPVQlqNcOB2sJdwATtZKl2pDKKHfpf/rYj24lkinxf69blJbnsvtqqNU+L3SL50vzZhXOnw==",
          "requires": {
            "isarray": "http://registry.npm.taobao.org/isarray/download/isarray-2.0.1.tgz"
          }
        }
      }
    },
    "has-binary2": {
      "version": "http://registry.npm.taobao.org/has-binary2/download/has-binary2-1.0.2.tgz",
      "integrity": "sha1-6D26SfC5vk0CbSc2U1DZ8D9Uvpg=",
      "requires": {
        "isarray": "2.0.1"
      },
      "dependencies": {
        "isarray": {
          "version": "2.0.1",
          "resolved": "https://registry.npmjs.org/isarray/-/isarray-2.0.1.tgz",
          "integrity": "sha1-o32U7ZzaLVmGXJ92/llu4fM4dB4="
        }
      }
    },
    "has-cors": {
      "version": "http://registry.npm.taobao.org/has-cors/download/has-cors-1.1.0.tgz",
      "integrity": "sha1-XkdHk/fqmEPRu5nCPu9J/xJv/zk="
    },
    "indexof": {
      "version": "http://registry.npm.taobao.org/indexof/download/indexof-0.0.1.tgz",
      "integrity": "sha1-gtwzbSMrkGIXnQWrMpOmYFn9Q10="
    },
    "inherits": {
      "version": "2.0.3",
      "resolved": "https://registry.npmjs.org/inherits/-/inherits-2.0.3.tgz",
      "integrity": "sha1-Yzwsg+PaQqUC9SRmAiSA9CCCYd4="
    },
    "isarray": {
      "version": "http://registry.npm.taobao.org/isarray/download/isarray-2.0.1.tgz",
      "integrity": "sha1-o32U7ZzaLVmGXJ92/llu4fM4dB4="
    },
    "mime-types": {
      "version": "http://registry.npm.taobao.org/mime-types/download/mime-types-2.1.18.tgz",
      "integrity": "sha1-bzI/YKg9ERRvgx/xH9ZuL+VQO7g=",
      "requires": {
        "mime-db": "http://registry.npm.taobao.org/mime-db/download/mime-db-1.33.0.tgz"
      },
      "dependencies": {
        "mime-db": {
          "version": "http://registry.npm.taobao.org/mime-db/download/mime-db-1.33.0.tgz",
          "integrity": "sha1-o0kgUKXLm2NFBUHjnZeI0icng9s="
        }
      }
    },
    "mysql": {
      "version": "2.15.0",
      "resolved": "https://registry.npmjs.org/mysql/-/mysql-2.15.0.tgz",
      "integrity": "sha512-C7tjzWtbN5nzkLIV+E8Crnl9bFyc7d3XJcBAvHKEVkjrYjogz3llo22q6s/hw+UcsE4/844pDob9ac+3dVjQSA==",
      "requires": {
        "bignumber.js": "4.0.4",
        "readable-stream": "2.3.3",
        "safe-buffer": "5.1.1",
        "sqlstring": "2.3.0"
      },
      "dependencies": {
        "safe-buffer": {
          "version": "5.1.1",
          "resolved": "https://registry.npmjs.org/safe-buffer/-/safe-buffer-5.1.1.tgz",
          "integrity": "sha512-kKvNJn6Mm93gAczWVJg7wH+wGYWNrDHdWvpUmHyEsgCtIwwo3bqPtV4tR5tuPaUhTOo/kvhVwd8XwwOllGYkbg=="
        }
      }
    },
    "negotiator": {
      "version": "http://registry.npm.taobao.org/negotiator/download/negotiator-0.6.1.tgz",
      "integrity": "sha1-KzJxhOiZIQEXeyhWP7XnECrNDKk="
    },
    "object-component": {
      "version": "http://registry.npm.taobao.org/object-component/download/object-component-0.0.3.tgz",
      "integrity": "sha1-8MaapQ78lbhmwYb0AKM3acsvEpE="
    },
    "parseqs": {
      "version": "http://registry.npm.taobao.org/parseqs/download/parseqs-0.0.5.tgz",
      "integrity": "sha1-1SCKNzjkZ2bikbouoXNoSSGouJ0=",
      "requires": {
        "better-assert": "1.0.2"
      },
      "dependencies": {
        "better-assert": {
          "version": "1.0.2",
          "resolved": "https://registry.npmjs.org/better-assert/-/better-assert-1.0.2.tgz",
          "integrity": "sha1-QIZrnhueC1W0gYlDEeaPr/rrxSI=",
          "requires": {
            "callsite": "http://registry.npm.taobao.org/callsite/download/callsite-1.0.0.tgz"
          }
        }
      }
    },
    "parseuri": {
      "version": "http://registry.npm.taobao.org/parseuri/download/parseuri-0.0.5.tgz",
      "integrity": "sha1-gCBKUNTbt3m/3G6+J3jZDkvOMgo=",
      "requires": {
        "better-assert": "1.0.2"
      },
      "dependencies": {
        "better-assert": {
          "version": "1.0.2",
          "resolved": "https://registry.npmjs.org/better-assert/-/better-assert-1.0.2.tgz",
          "integrity": "sha1-QIZrnhueC1W0gYlDEeaPr/rrxSI=",
          "requires": {
            "callsite": "http://registry.npm.taobao.org/callsite/download/callsite-1.0.0.tgz"
          }
        }
      }
    },
    "process-nextick-args": {
      "version": "1.0.7",
      "resolved": "https://registry.npmjs.org/process-nextick-args/-/process-nextick-args-1.0.7.tgz",
      "integrity": "sha1-FQ4gt1ZZCtP5EJPyWk8q2L/zC6M="
    },
    "readable-stream": {
      "version": "2.3.3",
      "resolved": "https://registry.npmjs.org/readable-stream/-/readable-stream-2.3.3.tgz",
      "integrity": "sha512-m+qzzcn7KUxEmd1gMbchF+Y2eIUbieUaxkWtptyHywrX0rE8QEYqPC07Vuy4Wm32/xE16NcdBctb8S0Xe/5IeQ==",
      "requires": {
        "core-util-is": "1.0.2",
        "inherits": "2.0.3",
        "isarray": "1.0.0",
        "process-nextick-args": "1.0.7",
        "safe-buffer": "http://registry.npm.taobao.org/safe-buffer/download/safe-buffer-5.1.2.tgz",
        "string_decoder": "1.0.3",
        "util-deprecate": "1.0.2"
      },
      "dependencies": {
        "isarray": {
          "version": "1.0.0",
          "resolved": "https://registry.npmjs.org/isarray/-/isarray-1.0.0.tgz",
          "integrity": "sha1-u5NdSFgsuhaMBoNJV6VKPgcSTxE="
        }
      }
    },
    "safe-buffer": {
      "version": "http://registry.npm.taobao.org/safe-buffer/download/safe-buffer-5.1.2.tgz",
      "integrity": "sha1-mR7GnSluAxN0fVm9/St0XDX4go0="
    },
    "socket.io": {
      "version": "2.1.1",
      "resolved": "https://registry.npmjs.org/socket.io/-/socket.io-2.1.1.tgz",
      "integrity": "sha512-rORqq9c+7W0DAK3cleWNSyfv/qKXV99hV4tZe+gGLfBECw3XEhBy7x85F3wypA9688LKjtwO9pX9L33/xQI8yA==",
      "requires": {
        "debug": "http://registry.npm.taobao.org/debug/download/debug-3.1.0.tgz",
        "engine.io": "http://registry.npm.taobao.org/engine.io/download/engine.io-3.2.0.tgz",
        "has-binary2": "http://registry.npm.taobao.org/has-binary2/download/has-binary2-1.0.2.tgz",
        "socket.io-adapter": "http://registry.npm.taobao.org/socket.io-adapter/download/socket.io-adapter-1.1.1.tgz",
        "socket.io-client": "2.1.1",
        "socket.io-parser": "http://registry.npm.taobao.org/socket.io-parser/download/socket.io-parser-3.2.0.tgz"
      },
      "dependencies": {
        "socket.io-client": {
          "version": "2.1.1",
          "resolved": "https://registry.npmjs.org/socket.io-client/-/socket.io-client-2.1.1.tgz",
          "integrity": "sha512-jxnFyhAuFxYfjqIgduQlhzqTcOEQSn+OHKVfAxWaNWa7ecP7xSNk2Dx/3UEsDcY7NcFafxvNvKPmmO7HTwTxGQ==",
          "requires": {
            "backo2": "http://registry.npm.taobao.org/backo2/download/backo2-1.0.2.tgz",
            "base64-arraybuffer": "http://registry.npm.taobao.org/base64-arraybuffer/download/base64-arraybuffer-0.1.5.tgz",
            "component-bind": "http://registry.npm.taobao.org/component-bind/download/component-bind-1.0.0.tgz",
            "component-emitter": "http://registry.npm.taobao.org/component-emitter/download/component-emitter-1.2.1.tgz",
            "debug": "http://registry.npm.taobao.org/debug/download/debug-3.1.0.tgz",
            "engine.io-client": "http://registry.npm.taobao.org/engine.io-client/download/engine.io-client-3.2.1.tgz",
            "has-binary2": "http://registry.npm.taobao.org/has-binary2/download/has-binary2-1.0.2.tgz",
            "has-cors": "http://registry.npm.taobao.org/has-cors/download/has-cors-1.1.0.tgz",
            "indexof": "http://registry.npm.taobao.org/indexof/download/indexof-0.0.1.tgz",
            "object-component": "http://registry.npm.taobao.org/object-component/download/object-component-0.0.3.tgz",
            "parseqs": "http://registry.npm.taobao.org/parseqs/download/parseqs-0.0.5.tgz",
            "parseuri": "http://registry.npm.taobao.org/parseuri/download/parseuri-0.0.5.tgz",
            "socket.io-parser": "http://registry.npm.taobao.org/socket.io-parser/download/socket.io-parser-3.2.0.tgz",
            "to-array": "http://registry.npm.taobao.org/to-array/download/to-array-0.1.4.tgz"
          }
        }
      }
    },
    "socket.io-adapter": {
      "version": "http://registry.npm.taobao.org/socket.io-adapter/download/socket.io-adapter-1.1.1.tgz",
      "integrity": "sha1-KoBeihTWNyEk3ZFZrUUC+MsH8Gs="
    },
    "socket.io-parser": {
      "version": "http://registry.npm.taobao.org/socket.io-parser/download/socket.io-parser-3.2.0.tgz",
      "integrity": "sha1-58Yii2qh+BTmFIrqMltRqpSZ4Hc=",
      "requires": {
        "component-emitter": "http://registry.npm.taobao.org/component-emitter/download/component-emitter-1.2.1.tgz",
        "debug": "http://registry.npm.taobao.org/debug/download/debug-3.1.0.tgz",
        "isarray": "http://registry.npm.taobao.org/isarray/download/isarray-2.0.1.tgz"
      },
      "dependencies": {
        "component-emitter": {
          "version": "http://registry.npm.taobao.org/component-emitter/download/component-emitter-1.2.1.tgz",
          "integrity": "sha1-E3kY1teCg/ffemt8WmPhQOaUJeY="
        },
        "debug": {
          "version": "http://registry.npm.taobao.org/debug/download/debug-3.1.0.tgz",
          "integrity": "sha1-W7WgZyYotkFJVmuhaBnmFRjGcmE=",
          "requires": {
            "ms": "http://registry.npm.taobao.org/ms/download/ms-2.0.0.tgz"
          },
          "dependencies": {
            "ms": {
              "version": "http://registry.npm.taobao.org/ms/download/ms-2.0.0.tgz",
              "integrity": "sha1-VgiurfwAvmwpAd9fmGF4jeDVl8g="
            }
          }
        },
        "isarray": {
          "version": "http://registry.npm.taobao.org/isarray/download/isarray-2.0.1.tgz",
          "integrity": "sha1-o32U7ZzaLVmGXJ92/llu4fM4dB4="
        }
      }
    },
    "sqlstring": {
      "version": "2.3.0",
      "resolved": "https://registry.npmjs.org/sqlstring/-/sqlstring-2.3.0.tgz",
      "integrity": "sha1-UluKT9Jtb3GqYegipsr5dtMa0qg="
    },
    "string_decoder": {
      "version": "1.0.3",
      "resolved": "https://registry.npmjs.org/string_decoder/-/string_decoder-1.0.3.tgz",
      "integrity": "sha512-4AH6Z5fzNNBcH+6XDMfA/BTt87skxqJlO0lAh3Dker5zThcAxG6mKz+iGu308UKoPPQ8Dcqx/4JhujzltRa+hQ==",
      "requires": {
        "safe-buffer": "http://registry.npm.taobao.org/safe-buffer/download/safe-buffer-5.1.2.tgz"
      }
    },
    "to-array": {
      "version": "http://registry.npm.taobao.org/to-array/download/to-array-0.1.4.tgz",
      "integrity": "sha1-F+bBH3PdTz10zaek/zI46a2b+JA="
    },
    "util-deprecate": {
      "version": "1.0.2",
      "resolved": "https://registry.npmjs.org/util-deprecate/-/util-deprecate-1.0.2.tgz",
      "integrity": "sha1-RQ1Nyfpw3nMnYvvS1KKJgUGaDM8="
    },
    "ws": {
      "version": "http://registry.npm.taobao.org/ws/download/ws-3.3.3.tgz",
      "integrity": "sha1-8c+E/i1ekB686U767OeF8YeiKPI=",
      "requires": {
        "async-limiter": "http://registry.npm.taobao.org/async-limiter/download/async-limiter-1.0.0.tgz",
        "safe-buffer": "http://registry.npm.taobao.org/safe-buffer/download/safe-buffer-5.1.2.tgz",
        "ultron": "http://registry.npm.taobao.org/ultron/download/ultron-1.1.1.tgz"
      },
      "dependencies": {
        "async-limiter": {
          "version": "http://registry.npm.taobao.org/async-limiter/download/async-limiter-1.0.0.tgz",
          "integrity": "sha1-ePrtjD0HSrgfIrTphdeehzj3IPg="
        },
        "safe-buffer": {
          "version": "http://registry.npm.taobao.org/safe-buffer/download/safe-buffer-5.1.2.tgz",
          "integrity": "sha1-mR7GnSluAxN0fVm9/St0XDX4go0="
        },
        "ultron": {
          "version": "http://registry.npm.taobao.org/ultron/download/ultron-1.1.1.tgz",
          "integrity": "sha1-n+FTahCmZKZSZqHjzPhf02MCvJw="
        }
      }
    },
    "xmlhttprequest-ssl": {
      "version": "http://registry.npm.taobao.org/xmlhttprequest-ssl/download/xmlhttprequest-ssl-1.5.5.tgz",
      "integrity": "sha1-wodrBhaKrcQOV9l+gRkayPQ5iz4="
    },
    "yeast": {
      "version": "http://registry.npm.taobao.org/yeast/download/yeast-0.1.2.tgz",
      "integrity": "sha1-AI4G2AlDIMNy28L47XagymyKxBk="
    }
  }
}
